
Microsoft Visual Studio Solution File, Format Version 12.00
# Visual Studio Version 16
VisualStudioVersion = 16.0.32510.428
MinimumVisualStudioVersion = 10.0.40219.1
Project("{9A19103F-16F7-4668-BE54-9A1E7A4F7556}") = "CodeCoverageEg", "CodeCoverageEg\CodeCoverageEg.csproj", "{1FA13E16-D7DB-45ED-B7B7-14664F19322A}"
EndProject
Project("{FAE04EC0-301F-11D3-BF4B-00C04F79EFBC}") = "CodeCoverageTest", "CodeCoverageTest\CodeCoverageTest.csproj", "{0F6A88E3-E1D4-455F-B4F8-73C0FC97F6AF}"
EndProject
Global
	GlobalSection(SolutionConfigurationPlatforms) = preSolution
		Debug|Any CPU = Debug|Any CPU
		Release|Any CPU = Release|Any CPU
	EndGlobalSection
	GlobalSection(ProjectConfigurationPlatforms) = postSolution
		{1FA13E16-D7DB-45ED-B7B7-14664F19322A}.Debug|Any CPU.ActiveCfg = Debug|Any CPU
		{1FA13E16-D7DB-45ED-B7B7-14664F19322A}.Debug|Any CPU.Build.0 = Debug|Any CPU
		{1FA13E16-D7DB-45ED-B7B7-14664F19322A}.Release|Any CPU.ActiveCfg = Release|Any CPU
		{1FA13E16-D7DB-45ED-B7B7-14664F19322A}.Release|Any CPU.Build.0 = Release|Any CPU
		{0F6A88E3-E1D4-455F-B4F8-73C0FC97F6AF}.Debug|Any CPU.ActiveCfg = Debug|Any CPU
		{0F6A88E3-E1D4-455F-B4F8-73C0FC97F6AF}.Debug|Any CPU.Build.0 = Debug|Any CPU
		{0F6A88E3-E1D4-455F-B4F8-73C0FC97F6AF}.Release|Any CPU.ActiveCfg = Release|Any CPU
		{0F6A88E3-E1D4-455F-B4F8-73C0FC97F6AF}.Release|Any CPU.Build.0 = Release|Any CPU
	EndGlobalSection
	GlobalSection(SolutionProperties) = preSolution
		HideSolutionNode = FALSE
	EndGlobalSection
	GlobalSection(ExtensibilityGlobals) = postSolution
		SolutionGuid = {465482F9-7241-46F4-B644-3617188071B4}
	EndGlobalSection
EndGlobal
